{
  "name": "phaser-hathora-server",
  "version": "0.0.1",
  "lockfileVersion": 2,
  "requires": true,
  "packages": {
    "": {
      "name": "phaser-hathora-server",
      "version": "0.0.1",
      "dependencies": {
        "arcade-physics": "^0.0.2"
      },
      "devDependencies": {
        "typescript": "^4.5.2"
      }
    },
    "node_modules/arcade-physics": {
      "version": "0.0.2",
      "resolved": "https://registry.npmjs.org/arcade-physics/-/arcade-physics-0.0.2.tgz",
      "integrity": "sha512-wg6zugGlWLjmvt2l8vr/tCBNqH8PMHw87o+M6YlzwHPmmh3HNIPkzq7MFW+Yq4RLk7rcrqSM+00VL8kxptNtbg==",
      "dependencies": {
        "eventemitter3": "^4.0.7"
      }
    },
    "node_modules/eventemitter3": {
      "version": "4.0.7",
      "resolved": "https://registry.npmjs.org/eventemitter3/-/eventemitter3-4.0.7.tgz",
      "integrity": "sha512-8guHBZCwKnFhYdHr2ysuRWErTwhoN2X8XELRlrRwpmfeY2jjuUN4taQMsULKUVo1K4DvZl+0pgfyoysHxvmvEw=="
    },
    "node_modules/typescript": {
      "version": "4.6.4",
      "resolved": "https://registry.npmjs.org/typescript/-/typescript-4.6.4.tgz",
      "integrity": "sha512-9ia/jWHIEbo49HfjrLGfKbZSuWo9iTMwXO+Ca3pRsSpbsMbc7/IU8NKdCZVRRBafVPGnoJeFL76ZOAA84I9fEg==",
      "dev": true,
      "bin": {
        "tsc": "bin/tsc",
        "tsserver": "bin/tsserver"
      },
      "engines": {
        "node": ">=4.2.0"
      }
    }
  },
  "dependencies": {
    "arcade-physics": {
      "version": "0.0.2",
      "resolved": "https://registry.npmjs.org/arcade-physics/-/arcade-physics-0.0.2.tgz",
      "integrity": "sha512-wg6zugGlWLjmvt2l8vr/tCBNqH8PMHw87o+M6YlzwHPmmh3HNIPkzq7MFW+Yq4RLk7rcrqSM+00VL8kxptNtbg==",
      "requires": {
        "eventemitter3": "^4.0.7"
      }
    },
    "eventemitter3": {
      "version": "4.0.7",
      "resolved": "https://registry.npmjs.org/eventemitter3/-/eventemitter3-4.0.7.tgz",
      "integrity": "sha512-8guHBZCwKnFhYdHr2ysuRWErTwhoN2X8XELRlrRwpmfeY2jjuUN4taQMsULKUVo1K4DvZl+0pgfyoysHxvmvEw=="
    },
    "typescript": {
      "version": "4.6.4",
      "resolved": "https://registry.npmjs.org/typescript/-/typescript-4.6.4.tgz",
      "integrity": "sha512-9ia/jWHIEbo49HfjrLGfKbZSuWo9iTMwXO+Ca3pRsSpbsMbc7/IU8NKdCZVRRBafVPGnoJeFL76ZOAA84I9fEg==",
      "dev": true
    }
  }
}
